// !$*UTF8*$!
{
	archiveVersion = 1;
	classes = {
	};
	objectVersion = 50;
	objects = {

/* Begin PBXBuildFile section */
		070973D525CCF85800343E54 /* Node.c in Sources */ = {isa = PBXBuildFile; fileRef = 070973D425CCF85800343E54 /* Node.c */; };
		07BF311C25C7324200A41C5D /* Node.h in Headers */ = {isa = PBXBuildFile; fileRef = 07BF311A25C7324200A41C5D /* Node.h */; };
		07BF312225C732C300A41C5D /* LinkedList.h in Headers */ = {isa = PBXBuildFile; fileRef = 07BF312025C732C300A41C5D /* LinkedList.h */; };
		07BF312325C732C300A41C5D /* LinkedList.c in Sources */ = {isa = PBXBuildFile; fileRef = 07BF312125C732C300A41C5D /* LinkedList.c */; };
		07BF314025C8A07D00A41C5D /* test.c in Sources */ = {isa = PBXBuildFile; fileRef = 07BF313F25C8A07D00A41C5D /* test.c */; };
		07BF315925CB344800A41C5D /* Queue.h in Headers */ = {isa = PBXBuildFile; fileRef = 07BF315725CB344800A41C5D /* Queue.h */; };
		07BF315A25CB344800A41C5D /* Queue.c in Sources */ = {isa = PBXBuildFile; fileRef = 07BF315825CB344800A41C5D /* Queue.c */; };
/* End PBXBuildFile section */

/* Begin PBXFileReference section */
		070973D425CCF85800343E54 /* Node.c */ = {isa = PBXFileReference; lastKnownFileType = sourcecode.c.c; path = Node.c; sourceTree = "<group>"; };
		0737A2DE25CE316E009CCE74 /* README.md */ = {isa = PBXFileReference; lastKnownFileType = net.daringfireball.markdown; path = README.md; sourceTree = "<group>"; };
		07BF311125C72F0D00A41C5D /* libhdelibc.a */ = {isa = PBXFileReference; explicitFileType = archive.ar; includeInIndex = 0; path = libhdelibc.a; sourceTree = BUILT_PRODUCTS_DIR; };
		07BF311A25C7324200A41C5D /* Node.h */ = {isa = PBXFileReference; lastKnownFileType = sourcecode.c.h; path = Node.h; sourceTree = "<group>"; };
		07BF312025C732C300A41C5D /* LinkedList.h */ = {isa = PBXFileReference; lastKnownFileType = sourcecode.c.h; path = LinkedList.h; sourceTree = "<group>"; };
		07BF312125C732C300A41C5D /* LinkedList.c */ = {isa = PBXFileReference; lastKnownFileType = sourcecode.c.c; path = LinkedList.c; sourceTree = "<group>"; };
		07BF313F25C8A07D00A41C5D /* test.c */ = {isa = PBXFileReference; lastKnownFileType = sourcecode.c.c; path = test.c; sourceTree = "<group>"; };
		07BF315725CB344800A41C5D /* Queue.h */ = {isa = PBXFileReference; lastKnownFileType = sourcecode.c.h; path = Queue.h; sourceTree = "<group>"; };
		07BF315825CB344800A41C5D /* Queue.c */ = {isa = PBXFileReference; lastKnownFileType = sourcecode.c.c; path = Queue.c; sourceTree = "<group>"; };
/* End PBXFileReference section */

/* Begin PBXFrameworksBuildPhase section */
		07BF310F25C72F0D00A41C5D /* Frameworks */ = {
			isa = PBXFrameworksBuildPhase;
			buildActionMask = 2147483647;
			files = (
			);
			runOnlyForDeploymentPostprocessing = 0;
		};
/* End PBXFrameworksBuildPhase section */

/* Begin PBXGroup section */
		0737A2DD25CE3156009CCE74 /* Lists */ = {
			isa = PBXGroup;
			children = (
				07BF311A25C7324200A41C5D /* Node.h */,
				070973D425CCF85800343E54 /* Node.c */,
				07BF312025C732C300A41C5D /* LinkedList.h */,
				07BF312125C732C300A41C5D /* LinkedList.c */,
				07BF315725CB344800A41C5D /* Queue.h */,
				07BF315825CB344800A41C5D /* Queue.c */,
			);
			path = Lists;
			sourceTree = "<group>";
		};
		07BF310825C72F0D00A41C5D = {
			isa = PBXGroup;
			children = (
				0737A2DE25CE316E009CCE74 /* README.md */,
				07BF313F25C8A07D00A41C5D /* test.c */,
				07BF311925C7321500A41C5D /* DataStructures */,
				07BF311225C72F0D00A41C5D /* Products */,
			);
			sourceTree = "<group>";
		};
		07BF311225C72F0D00A41C5D /* Products */ = {
			isa = PBXGroup;
			children = (
				07BF311125C72F0D00A41C5D /* libhdelibc.a */,
			);
			name = Products;
			sourceTree = "<group>";
		};
		07BF311925C7321500A41C5D /* DataStructures */ = {
			isa = PBXGroup;
			children = (
				0737A2DD25CE3156009CCE74 /* Lists */,
			);
			path = DataStructures;
			sourceTree = "<group>";
		};
/* End PBXGroup section */

/* Begin PBXHeadersBuildPhase section */
		07BF310D25C72F0D00A41C5D /* Headers */ = {
			isa = PBXHeadersBuildPhase;
			buildActionMask = 2147483647;
			files = (
				07BF315925CB344800A41C5D /* Queue.h in Headers */,
				07BF311C25C7324200A41C5D /* Node.h in Headers */,
				07BF312225C732C300A41C5D /* LinkedList.h in Headers */,
			);
			runOnlyForDeploymentPostprocessing = 0;
		};
/* End PBXHeadersBuildPhase section */

/* Begin PBXNativeTarget section */
		07BF311025C72F0D00A41C5D /* hdelibc */ = {
			isa = PBXNativeTarget;
			buildConfigurationList = 07BF311525C72F0D00A41C5D /* Build configuration list for PBXNativeTarget "hdelibc" */;
			buildPhases = (
				07BF310D25C72F0D00A41C5D /* Headers */,
				07BF310E25C72F0D00A41C5D /* Sources */,
				07BF310F25C72F0D00A41C5D /* Frameworks */,
			);
			buildRules = (
			);
			dependencies = (
			);
			name = hdelibc;
			productName = hdelibc;
			productReference = 07BF311125C72F0D00A41C5D /* libhdelibc.a */;
			productType = "com.apple.product-type.library.static";
		};
/* End PBXNativeTarget section */

/* Begin PBXProject section */
		07BF310925C72F0D00A41C5D /* Project object */ = {
			isa = PBXProject;
			attributes = {
				LastUpgradeCheck = 1230;
				TargetAttributes = {
					07BF311025C72F0D00A41C5D = {
						CreatedOnToolsVersion = 12.3;
					};
				};
			};
			buildConfigurationList = 07BF310C25C72F0D00A41C5D /* Build configuration list for PBXProject "hdelibc" */;
			compatibilityVersion = "Xcode 9.3";
			developmentRegion = en;
			hasScannedForEncodings = 0;
			knownRegions = (
				en,
				Base,
			);
			mainGroup = 07BF310825C72F0D00A41C5D;
			productRefGroup = 07BF311225C72F0D00A41C5D /* Products */;
			projectDirPath = "";
			projectRoot = "";
			targets = (
				07BF311025C72F0D00A41C5D /* hdelibc */,
			);
		};
/* End PBXProject section */

/* Begin PBXSourcesBuildPhase section */
		07BF310E25C72F0D00A41C5D /* Sources */ = {
			isa = PBXSourcesBuildPhase;
			buildActionMask = 2147483647;
			files = (
				07BF315A25CB344800A41C5D /* Queue.c in Sources */,
				070973D525CCF85800343E54 /* Node.c in Sources */,
				07BF314025C8A07D00A41C5D /* test.c in Sources */,
				07BF312325C732C300A41C5D /* LinkedList.c in Sources */,
			);
			runOnlyForDeploymentPostprocessing = 0;
		};
/* End PBXSourcesBuildPhase section */

/* Begin XCBuildConfiguration section */
		07BF311325C72F0D00A41C5D /* Debug */ = {
			isa = XCBuildConfiguration;
			buildSettings = {
				ALWAYS_SEARCH_USER_PATHS = NO;
				CLANG_ANALYZER_NONNULL = YES;
				CLANG_ANALYZER_NUMBER_OBJECT_CONVERSION = YES_AGGRESSIVE;
				CLANG_CXX_LANGUAGE_STANDARD = "gnu++14";
				CLANG_CXX_LIBRARY = "libc++";
				CLANG_ENABLE_MODULES = YES;
				CLANG_ENABLE_OBJC_ARC = YES;
				CLANG_ENABLE_OBJC_WEAK = YES;
				CLANG_WARN_BLOCK_CAPTURE_AUTORELEASING = YES;
				CLANG_WARN_BOOL_CONVERSION = YES;
				CLANG_WARN_COMMA = YES;
				CLANG_WARN_CONSTANT_CONVERSION = YES;
				CLANG_WARN_DEPRECATED_OBJC_IMPLEMENTATIONS = YES;
				CLANG_WARN_DIRECT_OBJC_ISA_USAGE = YES_ERROR;
				CLANG_WARN_DOCUMENTATION_COMMENTS = YES;
				CLANG_WARN_EMPTY_BODY = YES;
				CLANG_WARN_ENUM_CONVERSION = YES;
				CLANG_WARN_INFINITE_RECURSION = YES;
				CLANG_WARN_INT_CONVERSION = YES;
				CLANG_WARN_NON_LITERAL_NULL_CONVERSION = YES;
				CLANG_WARN_OBJC_IMPLICIT_RETAIN_SELF = YES;
				CLANG_WARN_OBJC_LITERAL_CONVERSION = YES;
				CLANG_WARN_OBJC_ROOT_CLASS = YES_ERROR;
				CLANG_WARN_QUOTED_INCLUDE_IN_FRAMEWORK_HEADER = YES;
				CLANG_WARN_RANGE_LOOP_ANALYSIS = YES;
				CLANG_WARN_STRICT_PROTOTYPES = YES;
				CLANG_WARN_SUSPICIOUS_MOVE = YES;
				CLANG_WARN_UNGUARDED_AVAILABILITY = YES_AGGRESSIVE;
				CLANG_WARN_UNREACHABLE_CODE = YES;
				CLANG_WARN__DUPLICATE_METHOD_MATCH = YES;
				COPY_PHASE_STRIP = NO;
				DEBUG_INFORMATION_FORMAT = dwarf;
				ENABLE_STRICT_OBJC_MSGSEND = YES;
				ENABLE_TESTABILITY = YES;
				GCC_C_LANGUAGE_STANDARD = gnu11;
				GCC_DYNAMIC_NO_PIC = NO;
				GCC_NO_COMMON_BLOCKS = YES;
				GCC_OPTIMIZATION_LEVEL = 0;
				GCC_PREPROCESSOR_DEFINITIONS = (
					"DEBUG=1",
					"$(inherited)",
				);
				GCC_WARN_64_TO_32_BIT_CONVERSION = YES;
				GCC_WARN_ABOUT_RETURN_TYPE = YES_ERROR;
				GCC_WARN_UNDECLARED_SELECTOR = YES;
				GCC_WARN_UNINITIALIZED_AUTOS = YES_AGGRESSIVE;
				GCC_WARN_UNUSED_FUNCTION = YES;
				GCC_WARN_UNUSED_VARIABLE = YES;
				MACOSX_DEPLOYMENT_TARGET = 11.1;
				MTL_ENABLE_DEBUG_INFO = INCLUDE_SOURCE;
				MTL_FAST_MATH = YES;
				ONLY_ACTIVE_ARCH = YES;
				SDKROOT = macosx;
			};
			name = Debug;
		};
		07BF311425C72F0D00A41C5D /* Release */ = {
			isa = XCBuildConfiguration;
			buildSettings = {
				ALWAYS_SEARCH_USER_PATHS = NO;
				CLANG_ANALYZER_NONNULL = YES;
				CLANG_ANALYZER_NUMBER_OBJECT_CONVERSION = YES_AGGRESSIVE;
				CLANG_CXX_LANGUAGE_STANDARD = "gnu++14";
				CLANG_CXX_LIBRARY = "libc++";
				CLANG_ENABLE_MODULES = YES;
				CLANG_ENABLE_OBJC_ARC = YES;
				CLANG_ENABLE_OBJC_WEAK = YES;
				CLANG_WARN_BLOCK_CAPTURE_AUTORELEASING = YES;
				CLANG_WARN_BOOL_CONVERSION = YES;
				CLANG_WARN_COMMA = YES;
				CLANG_WARN_CONSTANT_CONVERSION = YES;
				CLANG_WARN_DEPRECATED_OBJC_IMPLEMENTATIONS = YES;
				CLANG_WARN_DIRECT_OBJC_ISA_USAGE = YES_ERROR;
				CLANG_WARN_DOCUMENTATION_COMMENTS = YES;
				CLANG_WARN_EMPTY_BODY = YES;
				CLANG_WARN_ENUM_CONVERSION = YES;
				CLANG_WARN_INFINITE_RECURSION = YES;
				CLANG_WARN_INT_CONVERSION = YES;
				CLANG_WARN_NON_LITERAL_NULL_CONVERSION = YES;
				CLANG_WARN_OBJC_IMPLICIT_RETAIN_SELF = YES;
				CLANG_WARN_OBJC_LITERAL_CONVERSION = YES;
				CLANG_WARN_OBJC_ROOT_CLASS = YES_ERROR;
				CLANG_WARN_QUOTED_INCLUDE_IN_FRAMEWORK_HEADER = YES;
				CLANG_WARN_RANGE_LOOP_ANALYSIS = YES;
				CLANG_WARN_STRICT_PROTOTYPES = YES;
				CLANG_WARN_SUSPICIOUS_MOVE = YES;
				CLANG_WARN_UNGUARDED_AVAILABILITY = YES_AGGRESSIVE;
				CLANG_WARN_UNREACHABLE_CODE = YES;
				CLANG_WARN__DUPLICATE_METHOD_MATCH = YES;
				COPY_PHASE_STRIP = NO;
				DEBUG_INFORMATION_FORMAT = "dwarf-with-dsym";
				ENABLE_NS_ASSERTIONS = NO;
				ENABLE_STRICT_OBJC_MSGSEND = YES;
				GCC_C_LANGUAGE_STANDARD = gnu11;
				GCC_NO_COMMON_BLOCKS = YES;
				GCC_WARN_64_TO_32_BIT_CONVERSION = YES;
				GCC_WARN_ABOUT_RETURN_TYPE = YES_ERROR;
				GCC_WARN_UNDECLARED_SELECTOR = YES;
				GCC_WARN_UNINITIALIZED_AUTOS = YES_AGGRESSIVE;
				GCC_WARN_UNUSED_FUNCTION = YES;
				GCC_WARN_UNUSED_VARIABLE = YES;
				MACOSX_DEPLOYMENT_TARGET = 11.1;
				MTL_ENABLE_DEBUG_INFO = NO;
				MTL_FAST_MATH = YES;
				SDKROOT = macosx;
			};
			name = Release;
		};
		07BF311625C72F0D00A41C5D /* Debug */ = {
			isa = XCBuildConfiguration;
			buildSettings = {
				CODE_SIGN_STYLE = Automatic;
				DEVELOPMENT_TEAM = 975P2G4HC3;
				EXECUTABLE_PREFIX = lib;
				PRODUCT_NAME = "$(TARGET_NAME)";
				SKIP_INSTALL = YES;
			};
			name = Debug;
		};
		07BF311725C72F0D00A41C5D /* Release */ = {
			isa = XCBuildConfiguration;
			buildSettings = {
				CODE_SIGN_STYLE = Automatic;
				DEVELOPMENT_TEAM = 975P2G4HC3;
				EXECUTABLE_PREFIX = lib;
				PRODUCT_NAME = "$(TARGET_NAME)";
				SKIP_INSTALL = YES;
			};
			name = Release;
		};
/* End XCBuildConfiguration section */

/* Begin XCConfigurationList section */
		07BF310C25C72F0D00A41C5D /* Build configuration list for PBXProject "hdelibc" */ = {
			isa = XCConfigurationList;
			buildConfigurations = (
				07BF311325C72F0D00A41C5D /* Debug */,
				07BF311425C72F0D00A41C5D /* Release */,
			);
			defaultConfigurationIsVisible = 0;
			defaultConfigurationName = Release;
		};
		07BF311525C72F0D00A41C5D /* Build configuration list for PBXNativeTarget "hdelibc" */ = {
			isa = XCConfigurationList;
			buildConfigurations = (
				07BF311625C72F0D00A41C5D /* Debug */,
				07BF311725C72F0D00A41C5D /* Release */,
			);
			defaultConfigurationIsVisible = 0;
			defaultConfigurationName = Release;
		};
/* End XCConfigurationList section */
	};
	rootObject = 07BF310925C72F0D00A41C5D /* Project object */;
}
